
Microsoft Visual Studio Solution File, Format Version 12.00
# Visual Studio Version 16
VisualStudioVersion = 16.0.32002.261
MinimumVisualStudioVersion = 10.0.40219.1
Project("{9A19103F-16F7-4668-BE54-9A1E7A4F7556}") = "WpfClient", "WpfClient\WpfClient.csproj", "{D820BD67-8ABD-46B3-A5E8-EF85349A9F63}"
EndProject
Project("{FAE04EC0-301F-11D3-BF4B-00C04F79EFBC}") = "WebApplicationClient", "WebApplicationClient\WebApplicationClient.csproj", "{366385B1-BA98-4298-B2EB-214FBF41C295}"
EndProject
Global
	GlobalSection(SolutionConfigurationPlatforms) = preSolution
		Debug|Any CPU = Debug|Any CPU
		Release|Any CPU = Release|Any CPU
	EndGlobalSection
	GlobalSection(ProjectConfigurationPlatforms) = postSolution
		{D820BD67-8ABD-46B3-A5E8-EF85349A9F63}.Debug|Any CPU.ActiveCfg = Debug|Any CPU
		{D820BD67-8ABD-46B3-A5E8-EF85349A9F63}.Debug|Any CPU.Build.0 = Debug|Any CPU
		{D820BD67-8ABD-46B3-A5E8-EF85349A9F63}.Release|Any CPU.ActiveCfg = Release|Any CPU
		{D820BD67-8ABD-46B3-A5E8-EF85349A9F63}.Release|Any CPU.Build.0 = Release|Any CPU
		{366385B1-BA98-4298-B2EB-214FBF41C295}.Debug|Any CPU.ActiveCfg = Debug|Any CPU
		{366385B1-BA98-4298-B2EB-214FBF41C295}.Debug|Any CPU.Build.0 = Debug|Any CPU
		{366385B1-BA98-4298-B2EB-214FBF41C295}.Release|Any CPU.ActiveCfg = Release|Any CPU
		{366385B1-BA98-4298-B2EB-214FBF41C295}.Release|Any CPU.Build.0 = Release|Any CPU
	EndGlobalSection
	GlobalSection(SolutionProperties) = preSolution
		HideSolutionNode = FALSE
	EndGlobalSection
	GlobalSection(ExtensibilityGlobals) = postSolution
		SolutionGuid = {D01F2A27-3874-4823-839E-858FB5F25BFB}
	EndGlobalSection
EndGlobal
